
Microsoft Visual Studio Solution File, Format Version 12.00
# Visual Studio Version 17
VisualStudioVersion = 17.0.32112.339
MinimumVisualStudioVersion = 10.0.40219.1
Project("{9A19103F-16F7-4668-BE54-9A1E7A4F7556}") = "Emsisoft.API", "Emsisoft.API\Emsisoft.API.csproj", "{C60C9D84-F64E-418D-A404-CCC292C0DC98}"
EndProject
Project("{9A19103F-16F7-4668-BE54-9A1E7A4F7556}") = "Emsisoft.HashesService", "Emsisoft.HashesService\Emsisoft.HashesService.csproj", "{AE055604-A918-47B4-9FC9-6F7057CC594F}"
EndProject
Project("{9A19103F-16F7-4668-BE54-9A1E7A4F7556}") = "Emsisoft.Models", "Models\Emsisoft.Models.csproj", "{9F1F5353-33F0-476F-AD0F-BFF28B8C3089}"
EndProject
Project("{9A19103F-16F7-4668-BE54-9A1E7A4F7556}") = "Emsisoft.HashesService.Tests", "Emsisoft.HashesService.Tests\Emsisoft.HashesService.Tests.csproj", "{B483587F-A2FF-4E21-8BA9-A37C01982503}"
EndProject
Project("{FAE04EC0-301F-11D3-BF4B-00C04F79EFBC}") = "Emsisoft.RabbitMQ.Client", "Emsisoft.RabbitMQ.Client\Emsisoft.RabbitMQ.Client.csproj", "{3AB50BE3-A5D8-45C7-9A28-75703AFB6FDD}"
EndProject
Global
	GlobalSection(SolutionConfigurationPlatforms) = preSolution
		Debug|Any CPU = Debug|Any CPU
		Release|Any CPU = Release|Any CPU
	EndGlobalSection
	GlobalSection(ProjectConfigurationPlatforms) = postSolution
		{C60C9D84-F64E-418D-A404-CCC292C0DC98}.Debug|Any CPU.ActiveCfg = Debug|Any CPU
		{C60C9D84-F64E-418D-A404-CCC292C0DC98}.Debug|Any CPU.Build.0 = Debug|Any CPU
		{C60C9D84-F64E-418D-A404-CCC292C0DC98}.Release|Any CPU.ActiveCfg = Release|Any CPU
		{C60C9D84-F64E-418D-A404-CCC292C0DC98}.Release|Any CPU.Build.0 = Release|Any CPU
		{AE055604-A918-47B4-9FC9-6F7057CC594F}.Debug|Any CPU.ActiveCfg = Debug|Any CPU
		{AE055604-A918-47B4-9FC9-6F7057CC594F}.Debug|Any CPU.Build.0 = Debug|Any CPU
		{AE055604-A918-47B4-9FC9-6F7057CC594F}.Release|Any CPU.ActiveCfg = Release|Any CPU
		{AE055604-A918-47B4-9FC9-6F7057CC594F}.Release|Any CPU.Build.0 = Release|Any CPU
		{9F1F5353-33F0-476F-AD0F-BFF28B8C3089}.Debug|Any CPU.ActiveCfg = Debug|Any CPU
		{9F1F5353-33F0-476F-AD0F-BFF28B8C3089}.Debug|Any CPU.Build.0 = Debug|Any CPU
		{9F1F5353-33F0-476F-AD0F-BFF28B8C3089}.Release|Any CPU.ActiveCfg = Release|Any CPU
		{9F1F5353-33F0-476F-AD0F-BFF28B8C3089}.Release|Any CPU.Build.0 = Release|Any CPU
		{B483587F-A2FF-4E21-8BA9-A37C01982503}.Debug|Any CPU.ActiveCfg = Debug|Any CPU
		{B483587F-A2FF-4E21-8BA9-A37C01982503}.Debug|Any CPU.Build.0 = Debug|Any CPU
		{B483587F-A2FF-4E21-8BA9-A37C01982503}.Release|Any CPU.ActiveCfg = Release|Any CPU
		{B483587F-A2FF-4E21-8BA9-A37C01982503}.Release|Any CPU.Build.0 = Release|Any CPU
		{3AB50BE3-A5D8-45C7-9A28-75703AFB6FDD}.Debug|Any CPU.ActiveCfg = Debug|Any CPU
		{3AB50BE3-A5D8-45C7-9A28-75703AFB6FDD}.Debug|Any CPU.Build.0 = Debug|Any CPU
		{3AB50BE3-A5D8-45C7-9A28-75703AFB6FDD}.Release|Any CPU.ActiveCfg = Release|Any CPU
		{3AB50BE3-A5D8-45C7-9A28-75703AFB6FDD}.Release|Any CPU.Build.0 = Release|Any CPU
	EndGlobalSection
	GlobalSection(SolutionProperties) = preSolution
		HideSolutionNode = FALSE
	EndGlobalSection
	GlobalSection(ExtensibilityGlobals) = postSolution
		SolutionGuid = {4E561CBA-435B-4DEC-B89F-13E6D6F96E58}
	EndGlobalSection
EndGlobal
